
Microsoft Visual Studio Solution File, Format Version 12.00
# Visual Studio Version 16
VisualStudioVersion = 16.0.31702.278
MinimumVisualStudioVersion = 10.0.40219.1
Project("{9A19103F-16F7-4668-BE54-9A1E7A4F7556}") = "M-KOPA", "M-KOPA\M-KOPA.csproj", "{7AF5B619-5E59-412D-8FCB-32680C955576}"
EndProject
Project("{9A19103F-16F7-4668-BE54-9A1E7A4F7556}") = "M-KOPA.Application", "M-KOPA.Application\M-KOPA.Application.csproj", "{86D88085-2D5A-4C27-BF25-B50DF54E5679}"
EndProject
Project("{FAE04EC0-301F-11D3-BF4B-00C04F79EFBC}") = "M-KOPA.Tests", "M-KOPA.Tests\M-KOPA.Tests.csproj", "{4C7CFC21-DB70-442C-9A95-EB76181A728F}"
EndProject
Global
	GlobalSection(SolutionConfigurationPlatforms) = preSolution
		Debug|Any CPU = Debug|Any CPU
		Release|Any CPU = Release|Any CPU
	EndGlobalSection
	GlobalSection(ProjectConfigurationPlatforms) = postSolution
		{7AF5B619-5E59-412D-8FCB-32680C955576}.Debug|Any CPU.ActiveCfg = Debug|Any CPU
		{7AF5B619-5E59-412D-8FCB-32680C955576}.Debug|Any CPU.Build.0 = Debug|Any CPU
		{7AF5B619-5E59-412D-8FCB-32680C955576}.Release|Any CPU.ActiveCfg = Release|Any CPU
		{7AF5B619-5E59-412D-8FCB-32680C955576}.Release|Any CPU.Build.0 = Release|Any CPU
		{86D88085-2D5A-4C27-BF25-B50DF54E5679}.Debug|Any CPU.ActiveCfg = Debug|Any CPU
		{86D88085-2D5A-4C27-BF25-B50DF54E5679}.Debug|Any CPU.Build.0 = Debug|Any CPU
		{86D88085-2D5A-4C27-BF25-B50DF54E5679}.Release|Any CPU.ActiveCfg = Release|Any CPU
		{86D88085-2D5A-4C27-BF25-B50DF54E5679}.Release|Any CPU.Build.0 = Release|Any CPU
		{4C7CFC21-DB70-442C-9A95-EB76181A728F}.Debug|Any CPU.ActiveCfg = Debug|Any CPU
		{4C7CFC21-DB70-442C-9A95-EB76181A728F}.Debug|Any CPU.Build.0 = Debug|Any CPU
		{4C7CFC21-DB70-442C-9A95-EB76181A728F}.Release|Any CPU.ActiveCfg = Release|Any CPU
		{4C7CFC21-DB70-442C-9A95-EB76181A728F}.Release|Any CPU.Build.0 = Release|Any CPU
	EndGlobalSection
	GlobalSection(SolutionProperties) = preSolution
		HideSolutionNode = FALSE
	EndGlobalSection
	GlobalSection(ExtensibilityGlobals) = postSolution
		SolutionGuid = {144FFFA7-A641-4118-85A8-B4C7A54C8390}
	EndGlobalSection
EndGlobal
